github.com/adityatelange/hugo-PaperMod v0.0.0-20221224152110-d3d90be8a4ea h1:Oh7CmQcvzhhNV4vJy9pXHP4SJoEPg0FVOIP73VwJR5Q=
github.com/adityatelange/hugo-PaperMod v0.0.0-20221224152110-d3d90be8a4ea/go.mod h1:HCHxNMKYdGafUYjVV3ICiAqznZK2yH0iI53jqcDFDdQ=
gopkg.in/ryankurte/go-async-cmd.v1 v1.0.0 h1:XCpPAVmJJgaHyceMGVIqdu93T7vwelakzF6YSaISdQE=
gopkg.in/ryankurte/go-async-cmd.v1 v1.0.0/go.mod h1:rjsmI4czHV1hISGFPv3g2i6rAEn8fXjlvHjkC8sGzrU=
